<?xml version="1.0" encoding="UTF-8" standalone="yes" ?>
<CodeBlocks_project_file>
	<FileVersion major="1" minor="6" />
	<Project>
		<Option title="SourceTrail wxMSW3.0.x MSys2" />
		<Option pch_mode="2" />
		<Option compiler="gcc" />
		<Build>
			<Target title="default">
				<Option output="SourceTrail.dll" prefix_auto="0" extension_auto="0" />
				<Option object_output="../../../.objs/plugins/contrib/SourceTrail" />
				<Option type="3" />
				<Option compiler="gcc" />
				<Option parameters="--debug-log --multiple-instance -na -ns -nd -p debug" />
				<Option host_application="../../../devel/codeblocks.exe" />
				<Option run_host_application_in_terminal="0" />
				<Compiler>
					<Add option="-Wall" />
					<Add option="-pipe" />
					<Add option="-mthreads" />
					<Add option="-fmessage-length=0" />
					<Add option="-fexceptions" />
					<Add option="-Winvalid-pch" />
					<Add option="-DBUILDING_PLUGIN" />
					<Add option="-DHAVE_W32API_H" />
					<Add option="-D__WXMSW__" />
					<Add option="-DWXUSINGDLL" />
					<Add option="-DcbDEBUG" />
					<Add option="-DCB_PRECOMP" />
					<Add option="-DWX_PRECOMP" />
					<Add option="-DwxUSE_UNICODE" />
					<Add option="-DNO_LOGGING" />
					<Add directory="$(#cb.include)" />
					<Add directory="$(#cb)/sdk/wxscintilla/include" />
				</Compiler>
				<Linker>
					<Add option="-s" />
					<Add option="-Wl,--enable-auto-import" />
					<Add option="-mthreads" />
					<Add library="codeblocks" />
					<Add library="wx_$(WX_TOOLKIT)$(WX_SUFFIX)_core-$(WX_VERSION).dll" />
					<Add library="wx_base$(WX_SUFFIX)_net-$(WX_VERSION).dll" />
					<Add library="wx_base$(WX_SUFFIX)-$(WX_VERSION).dll" />
					<Add directory="$(#cb.lib)" />
				</Linker>
				<ExtraCommands>
					<Add after="zip -j9 SourceTrail.zip manifest.xml" />
					<Add after="zip -j9 SourceTrail.cbplugin SourceTrail.dll SourceTrail.zip" />
					<Mode after="always" />
				</ExtraCommands>
			</Target>
			<Environment>
				<Variable name="WX_SUFFIX" value="u" />
				<Variable name="WX_TOOLKIT" value="msw" />
				<Variable name="WX_VERSION" value="3.0" />
			</Environment>
		</Build>
		<VirtualTargets>
			<Add alias="All" targets="default;" />
		</VirtualTargets>
		<Compiler>
			<Add option="-std=gnu++11" />
			<Add option='[[if (GetCompilerFactory().GetCompilerVersionString(_T(&quot;gcc&quot;)) &gt;= _T(&quot;4.8.0&quot;)) print(_T(&quot;-Wno-unused-local-typedefs&quot;));]]' />
			<Add directory="$(TARGET_COMPILER_DIR)lib/wx/include/$(WX_TOOLKIT)-unicode-$(WX_VERSION)" />
			<Add directory="$(TARGET_COMPILER_DIR)include/wx-$(WX_VERSION)" />
		</Compiler>
		<Unit filename="SourceTrail.cpp" />
		<Unit filename="SourceTrail.h" />
		<Unit filename="stclient.cpp" />
		<Unit filename="stclient.h" />
		<Extensions>
			<code_completion />
			<envvars />
			<debugger />
			<wxsmith version="1">
				<resources>
					<wxPanel wxs="wxsmith/ConfigPanel.wxs" src="ConfigPanel.cpp" hdr="ConfigPanel.h" fwddecl="0" i18n="1" name="ConfigPanel" language="CPP" />
				</resources>
			</wxsmith>
		</Extensions>
	</Project>
</CodeBlocks_project_file>
